
Microsoft Visual Studio Solution File, Format Version 12.00
# Visual Studio Version 17
VisualStudioVersion = 17.4.33403.182
MinimumVisualStudioVersion = 10.0.40219.1
Project("{FAE04EC0-301F-11D3-BF4B-00C04F79EFBC}") = "BankManagment", "BankManagment\BankManagment.csproj", "{B0E6F86F-F522-4FA8-B4BE-1D3031EA71D7}"
EndProject
Project("{FAE04EC0-301F-11D3-BF4B-00C04F79EFBC}") = "BankManagmentDB", "UnitOfWork\BankManagmentDB.csproj", "{FBD254DF-9BDA-424B-AF01-B4FF92367F60}"
EndProject
Global
	GlobalSection(SolutionConfigurationPlatforms) = preSolution
		Debug|Any CPU = Debug|Any CPU
		Release|Any CPU = Release|Any CPU
	EndGlobalSection
	GlobalSection(ProjectConfigurationPlatforms) = postSolution
		{B0E6F86F-F522-4FA8-B4BE-1D3031EA71D7}.Debug|Any CPU.ActiveCfg = Debug|Any CPU
		{B0E6F86F-F522-4FA8-B4BE-1D3031EA71D7}.Debug|Any CPU.Build.0 = Debug|Any CPU
		{B0E6F86F-F522-4FA8-B4BE-1D3031EA71D7}.Release|Any CPU.ActiveCfg = Release|Any CPU
		{B0E6F86F-F522-4FA8-B4BE-1D3031EA71D7}.Release|Any CPU.Build.0 = Release|Any CPU
		{FBD254DF-9BDA-424B-AF01-B4FF92367F60}.Debug|Any CPU.ActiveCfg = Debug|Any CPU
		{FBD254DF-9BDA-424B-AF01-B4FF92367F60}.Debug|Any CPU.Build.0 = Debug|Any CPU
		{FBD254DF-9BDA-424B-AF01-B4FF92367F60}.Release|Any CPU.ActiveCfg = Release|Any CPU
		{FBD254DF-9BDA-424B-AF01-B4FF92367F60}.Release|Any CPU.Build.0 = Release|Any CPU
	EndGlobalSection
	GlobalSection(SolutionProperties) = preSolution
		HideSolutionNode = FALSE
	EndGlobalSection
	GlobalSection(ExtensibilityGlobals) = postSolution
		SolutionGuid = {8AF1A3CF-AEFF-4A98-B03E-7F1225021A46}
	EndGlobalSection
EndGlobal
